# @generated by Move, please check-in and do not edit manually.

[move]
version = 0

dependencies = [
  { name = "Sui" },
  { name = "fesh_token" },
]

[[move.package]]
name = "MoveStdlib"
source = { git = "https://github.com/MystenLabs/sui.git", rev = "devnet", subdir = "crates/sui-framework/packages/move-stdlib" }

[[move.package]]
name = "Sui"
source = { git = "https://github.com/MystenLabs/sui.git", rev = "devnet", subdir = "crates/sui-framework/packages/sui-framework/" }

dependencies = [
  { name = "MoveStdlib" },
]

[[move.package]]
name = "fesh_token"
source = { local = "../fesh-token" }

dependencies = [
  { name = "Sui" },
]
